// !$*UTF8*$!
{
	archiveVersion = 1;
	classes = {
	};
	objectVersion = 56;
	objects = {

/* Begin PBXBuildFile section */
		9323493D2AF6E5430088F22E /* OrderListData.json in Resources */ = {isa = PBXBuildFile; fileRef = 9323493C2AF6E5430088F22E /* OrderListData.json */; };
		9323493F2AF6E6730088F22E /* JsonDataHelper.swift in Sources */ = {isa = PBXBuildFile; fileRef = 9323493E2AF6E6730088F22E /* JsonDataHelper.swift */; };
		932349432AFDA5D20088F22E /* NOTES in Resources */ = {isa = PBXBuildFile; fileRef = 932349422AFDA5D20088F22E /* NOTES */; };
		932349472AFEDC8E0088F22E /* JsonStructs.swift in Sources */ = {isa = PBXBuildFile; fileRef = 932349462AFEDC8E0088F22E /* JsonStructs.swift */; };
		932349492AFEE36F0088F22E /* DoctorData.json in Resources */ = {isa = PBXBuildFile; fileRef = 932349482AFEE36F0088F22E /* DoctorData.json */; };
		9323494B2AFEEA710088F22E /* PatientData.json in Resources */ = {isa = PBXBuildFile; fileRef = 9323494A2AFEEA710088F22E /* PatientData.json */; };
		9323494D2AFEF75A0088F22E /* CDDataController.swift in Sources */ = {isa = PBXBuildFile; fileRef = 9323494C2AFEF7590088F22E /* CDDataController.swift */; };
		932349512AFEFF880088F22E /* ItemData.json in Resources */ = {isa = PBXBuildFile; fileRef = 932349502AFEFF880088F22E /* ItemData.json */; };
		932349532AFF03B20088F22E /* OrderData.json in Resources */ = {isa = PBXBuildFile; fileRef = 932349522AFF03B20088F22E /* OrderData.json */; };
		932349552B0031250088F22E /* DataAssistView.swift in Sources */ = {isa = PBXBuildFile; fileRef = 932349542B0031250088F22E /* DataAssistView.swift */; };
		932349572B02D0B80088F22E /* OrderItemData.json in Resources */ = {isa = PBXBuildFile; fileRef = 932349562B02D0B80088F22E /* OrderItemData.json */; };
		932349592B081CB40088F22E /* OrderListView.swift in Sources */ = {isa = PBXBuildFile; fileRef = 932349582B081CB40088F22E /* OrderListView.swift */; };
		9323495D2B0AC71B0088F22E /* InsuranceData.json in Resources */ = {isa = PBXBuildFile; fileRef = 9323495C2B0AC71B0088F22E /* InsuranceData.json */; };
		9386812F2B23D01800968920 /* CDDataControllerEx.swift in Sources */ = {isa = PBXBuildFile; fileRef = 9386812E2B23D01800968920 /* CDDataControllerEx.swift */; };
		938AF0E02AEB152A000BB4C5 /* BioAssistantStockNBillApp.swift in Sources */ = {isa = PBXBuildFile; fileRef = 938AF0DF2AEB152A000BB4C5 /* BioAssistantStockNBillApp.swift */; };
		938AF0E22AEB152A000BB4C5 /* ContentView.swift in Sources */ = {isa = PBXBuildFile; fileRef = 938AF0E12AEB152A000BB4C5 /* ContentView.swift */; };
		938AF0E42AEB152C000BB4C5 /* Assets.xcassets in Resources */ = {isa = PBXBuildFile; fileRef = 938AF0E32AEB152C000BB4C5 /* Assets.xcassets */; };
		938AF0E72AEB152C000BB4C5 /* Preview Assets.xcassets in Resources */ = {isa = PBXBuildFile; fileRef = 938AF0E62AEB152C000BB4C5 /* Preview Assets.xcassets */; };
		938AF0F12AEB239C000BB4C5 /* BioAssistDataModel.xcdatamodeld in Sources */ = {isa = PBXBuildFile; fileRef = 938AF0EF2AEB239C000BB4C5 /* BioAssistDataModel.xcdatamodeld */; };
		938EE9F82B152155006BB9EC /* EditView.swift in Sources */ = {isa = PBXBuildFile; fileRef = 938EE9F72B152155006BB9EC /* EditView.swift */; };
		938EE9FA2B1523CA006BB9EC /* EditView_Patient.swift in Sources */ = {isa = PBXBuildFile; fileRef = 938EE9F92B1523CA006BB9EC /* EditView_Patient.swift */; };
		938EE9FC2B152422006BB9EC /* EditView_Items.swift in Sources */ = {isa = PBXBuildFile; fileRef = 938EE9FB2B152422006BB9EC /* EditView_Items.swift */; };
		938EEA012B1A9A70006BB9EC /* Helpers.swift in Sources */ = {isa = PBXBuildFile; fileRef = 938EEA002B1A9A70006BB9EC /* Helpers.swift */; };
		93D6970C2B2D2A0200B837F3 /* Doctor+CoreDataClass.swift in Sources */ = {isa = PBXBuildFile; fileRef = 93D697002B2D2A0200B837F3 /* Doctor+CoreDataClass.swift */; };
		93D6970D2B2D2A0200B837F3 /* Doctor+CoreDataProperties.swift in Sources */ = {isa = PBXBuildFile; fileRef = 93D697012B2D2A0200B837F3 /* Doctor+CoreDataProperties.swift */; };
		93D6970E2B2D2A0200B837F3 /* Item+CoreDataClass.swift in Sources */ = {isa = PBXBuildFile; fileRef = 93D697022B2D2A0200B837F3 /* Item+CoreDataClass.swift */; };
		93D6970F2B2D2A0200B837F3 /* Item+CoreDataProperties.swift in Sources */ = {isa = PBXBuildFile; fileRef = 93D697032B2D2A0200B837F3 /* Item+CoreDataProperties.swift */; };
		93D697102B2D2A0200B837F3 /* Order+CoreDataClass.swift in Sources */ = {isa = PBXBuildFile; fileRef = 93D697042B2D2A0200B837F3 /* Order+CoreDataClass.swift */; };
		93D697112B2D2A0200B837F3 /* Order+CoreDataProperties.swift in Sources */ = {isa = PBXBuildFile; fileRef = 93D697052B2D2A0200B837F3 /* Order+CoreDataProperties.swift */; };
		93D697122B2D2A0200B837F3 /* OrderItem+CoreDataClass.swift in Sources */ = {isa = PBXBuildFile; fileRef = 93D697062B2D2A0200B837F3 /* OrderItem+CoreDataClass.swift */; };
		93D697132B2D2A0200B837F3 /* OrderItem+CoreDataProperties.swift in Sources */ = {isa = PBXBuildFile; fileRef = 93D697072B2D2A0200B837F3 /* OrderItem+CoreDataProperties.swift */; };
		93D697142B2D2A0200B837F3 /* Insurance+CoreDataClass.swift in Sources */ = {isa = PBXBuildFile; fileRef = 93D697082B2D2A0200B837F3 /* Insurance+CoreDataClass.swift */; };
		93D697152B2D2A0200B837F3 /* Insurance+CoreDataProperties.swift in Sources */ = {isa = PBXBuildFile; fileRef = 93D697092B2D2A0200B837F3 /* Insurance+CoreDataProperties.swift */; };
		93D697162B2D2A0200B837F3 /* Patient+CoreDataClass.swift in Sources */ = {isa = PBXBuildFile; fileRef = 93D6970A2B2D2A0200B837F3 /* Patient+CoreDataClass.swift */; };
		93D697172B2D2A0200B837F3 /* Patient+CoreDataProperties.swift in Sources */ = {isa = PBXBuildFile; fileRef = 93D6970B2B2D2A0200B837F3 /* Patient+CoreDataProperties.swift */; };
		93D697192B36113600B837F3 /* OrderListView2.swift in Sources */ = {isa = PBXBuildFile; fileRef = 93D697182B36113600B837F3 /* OrderListView2.swift */; };
/* End PBXBuildFile section */

/* Begin PBXFileReference section */
		9323493C2AF6E5430088F22E /* OrderListData.json */ = {isa = PBXFileReference; lastKnownFileType = text.json; path = OrderListData.json; sourceTree = "<group>"; };
		9323493E2AF6E6730088F22E /* JsonDataHelper.swift */ = {isa = PBXFileReference; lastKnownFileType = sourcecode.swift; path = JsonDataHelper.swift; sourceTree = "<group>"; };
		932349422AFDA5D20088F22E /* NOTES */ = {isa = PBXFileReference; lastKnownFileType = text; path = NOTES; sourceTree = "<group>"; };
		932349462AFEDC8E0088F22E /* JsonStructs.swift */ = {isa = PBXFileReference; lastKnownFileType = sourcecode.swift; path = JsonStructs.swift; sourceTree = "<group>"; };
		932349482AFEE36F0088F22E /* DoctorData.json */ = {isa = PBXFileReference; lastKnownFileType = text.json; path = DoctorData.json; sourceTree = "<group>"; };
		9323494A2AFEEA710088F22E /* PatientData.json */ = {isa = PBXFileReference; fileEncoding = 4; lastKnownFileType = text.json; path = PatientData.json; sourceTree = "<group>"; };
		9323494C2AFEF7590088F22E /* CDDataController.swift */ = {isa = PBXFileReference; lastKnownFileType = sourcecode.swift; path = CDDataController.swift; sourceTree = "<group>"; };
		932349502AFEFF880088F22E /* ItemData.json */ = {isa = PBXFileReference; fileEncoding = 4; lastKnownFileType = text.json; path = ItemData.json; sourceTree = "<group>"; };
		932349522AFF03B20088F22E /* OrderData.json */ = {isa = PBXFileReference; lastKnownFileType = text.json; path = OrderData.json; sourceTree = "<group>"; };
		932349542B0031250088F22E /* DataAssistView.swift */ = {isa = PBXFileReference; lastKnownFileType = sourcecode.swift; path = DataAssistView.swift; sourceTree = "<group>"; };
		932349562B02D0B80088F22E /* OrderItemData.json */ = {isa = PBXFileReference; lastKnownFileType = text.json; path = OrderItemData.json; sourceTree = "<group>"; };
		932349582B081CB40088F22E /* OrderListView.swift */ = {isa = PBXFileReference; lastKnownFileType = sourcecode.swift; path = OrderListView.swift; sourceTree = "<group>"; };
		9323495C2B0AC71B0088F22E /* InsuranceData.json */ = {isa = PBXFileReference; lastKnownFileType = text.json; path = InsuranceData.json; sourceTree = "<group>"; };
		9386812E2B23D01800968920 /* CDDataControllerEx.swift */ = {isa = PBXFileReference; lastKnownFileType = sourcecode.swift; path = CDDataControllerEx.swift; sourceTree = "<group>"; };
		938AF0DC2AEB152A000BB4C5 /* BioAssistantStockNBill.app */ = {isa = PBXFileReference; explicitFileType = wrapper.application; includeInIndex = 0; path = BioAssistantStockNBill.app; sourceTree = BUILT_PRODUCTS_DIR; };
		938AF0DF2AEB152A000BB4C5 /* BioAssistantStockNBillApp.swift */ = {isa = PBXFileReference; lastKnownFileType = sourcecode.swift; path = BioAssistantStockNBillApp.swift; sourceTree = "<group>"; };
		938AF0E12AEB152A000BB4C5 /* ContentView.swift */ = {isa = PBXFileReference; lastKnownFileType = sourcecode.swift; path = ContentView.swift; sourceTree = "<group>"; };
		938AF0E32AEB152C000BB4C5 /* Assets.xcassets */ = {isa = PBXFileReference; lastKnownFileType = folder.assetcatalog; path = Assets.xcassets; sourceTree = "<group>"; };
		938AF0E62AEB152C000BB4C5 /* Preview Assets.xcassets */ = {isa = PBXFileReference; lastKnownFileType = folder.assetcatalog; path = "Preview Assets.xcassets"; sourceTree = "<group>"; };
		938AF0F02AEB239C000BB4C5 /* BioAssistDataModel.xcdatamodel */ = {isa = PBXFileReference; lastKnownFileType = wrapper.xcdatamodel; path = BioAssistDataModel.xcdatamodel; sourceTree = "<group>"; };
		938EE9F72B152155006BB9EC /* EditView.swift */ = {isa = PBXFileReference; lastKnownFileType = sourcecode.swift; path = EditView.swift; sourceTree = "<group>"; };
		938EE9F92B1523CA006BB9EC /* EditView_Patient.swift */ = {isa = PBXFileReference; lastKnownFileType = sourcecode.swift; path = EditView_Patient.swift; sourceTree = "<group>"; };
		938EE9FB2B152422006BB9EC /* EditView_Items.swift */ = {isa = PBXFileReference; lastKnownFileType = sourcecode.swift; path = EditView_Items.swift; sourceTree = "<group>"; };
		938EEA002B1A9A70006BB9EC /* Helpers.swift */ = {isa = PBXFileReference; lastKnownFileType = sourcecode.swift; path = Helpers.swift; sourceTree = "<group>"; };
		93D697002B2D2A0200B837F3 /* Doctor+CoreDataClass.swift */ = {isa = PBXFileReference; lastKnownFileType = sourcecode.swift; path = "Doctor+CoreDataClass.swift"; sourceTree = "<group>"; };
		93D697012B2D2A0200B837F3 /* Doctor+CoreDataProperties.swift */ = {isa = PBXFileReference; lastKnownFileType = sourcecode.swift; path = "Doctor+CoreDataProperties.swift"; sourceTree = "<group>"; };
		93D697022B2D2A0200B837F3 /* Item+CoreDataClass.swift */ = {isa = PBXFileReference; lastKnownFileType = sourcecode.swift; path = "Item+CoreDataClass.swift"; sourceTree = "<group>"; };
		93D697032B2D2A0200B837F3 /* Item+CoreDataProperties.swift */ = {isa = PBXFileReference; lastKnownFileType = sourcecode.swift; path = "Item+CoreDataProperties.swift"; sourceTree = "<group>"; };
		93D697042B2D2A0200B837F3 /* Order+CoreDataClass.swift */ = {isa = PBXFileReference; lastKnownFileType = sourcecode.swift; path = "Order+CoreDataClass.swift"; sourceTree = "<group>"; };
		93D697052B2D2A0200B837F3 /* Order+CoreDataProperties.swift */ = {isa = PBXFileReference; lastKnownFileType = sourcecode.swift; path = "Order+CoreDataProperties.swift"; sourceTree = "<group>"; };
		93D697062B2D2A0200B837F3 /* OrderItem+CoreDataClass.swift */ = {isa = PBXFileReference; lastKnownFileType = sourcecode.swift; path = "OrderItem+CoreDataClass.swift"; sourceTree = "<group>"; };
		93D697072B2D2A0200B837F3 /* OrderItem+CoreDataProperties.swift */ = {isa = PBXFileReference; lastKnownFileType = sourcecode.swift; path = "OrderItem+CoreDataProperties.swift"; sourceTree = "<group>"; };
		93D697082B2D2A0200B837F3 /* Insurance+CoreDataClass.swift */ = {isa = PBXFileReference; lastKnownFileType = sourcecode.swift; path = "Insurance+CoreDataClass.swift"; sourceTree = "<group>"; };
		93D697092B2D2A0200B837F3 /* Insurance+CoreDataProperties.swift */ = {isa = PBXFileReference; lastKnownFileType = sourcecode.swift; path = "Insurance+CoreDataProperties.swift"; sourceTree = "<group>"; };
		93D6970A2B2D2A0200B837F3 /* Patient+CoreDataClass.swift */ = {isa = PBXFileReference; lastKnownFileType = sourcecode.swift; path = "Patient+CoreDataClass.swift"; sourceTree = "<group>"; };
		93D6970B2B2D2A0200B837F3 /* Patient+CoreDataProperties.swift */ = {isa = PBXFileReference; lastKnownFileType = sourcecode.swift; path = "Patient+CoreDataProperties.swift"; sourceTree = "<group>"; };
		93D697182B36113600B837F3 /* OrderListView2.swift */ = {isa = PBXFileReference; lastKnownFileType = sourcecode.swift; path = OrderListView2.swift; sourceTree = "<group>"; };
/* End PBXFileReference section */

/* Begin PBXFrameworksBuildPhase section */
		938AF0D92AEB152A000BB4C5 /* Frameworks */ = {
			isa = PBXFrameworksBuildPhase;
			buildActionMask = 2147483647;
			files = (
			);
			runOnlyForDeploymentPostprocessing = 0;
		};
/* End PBXFrameworksBuildPhase section */

/* Begin PBXGroup section */
		932349342AF442940088F22E /* ViewModels */ = {
			isa = PBXGroup;
			children = (
			);
			path = ViewModels;
			sourceTree = "<group>";
		};
		9323493B2AF6E4F60088F22E /* AppData */ = {
			isa = PBXGroup;
			children = (
				9323493C2AF6E5430088F22E /* OrderListData.json */,
				9323493E2AF6E6730088F22E /* JsonDataHelper.swift */,
				9323494A2AFEEA710088F22E /* PatientData.json */,
				932349462AFEDC8E0088F22E /* JsonStructs.swift */,
				932349482AFEE36F0088F22E /* DoctorData.json */,
				932349502AFEFF880088F22E /* ItemData.json */,
				932349522AFF03B20088F22E /* OrderData.json */,
				932349562B02D0B80088F22E /* OrderItemData.json */,
				9323495C2B0AC71B0088F22E /* InsuranceData.json */,
			);
			path = AppData;
			sourceTree = "<group>";
		};
		932349D62B11670F0088F22E /* CDGenerated */ = {
			isa = PBXGroup;
			children = (
				93D697002B2D2A0200B837F3 /* Doctor+CoreDataClass.swift */,
				93D697012B2D2A0200B837F3 /* Doctor+CoreDataProperties.swift */,
				93D697022B2D2A0200B837F3 /* Item+CoreDataClass.swift */,
				93D697032B2D2A0200B837F3 /* Item+CoreDataProperties.swift */,
				93D697042B2D2A0200B837F3 /* Order+CoreDataClass.swift */,
				93D697052B2D2A0200B837F3 /* Order+CoreDataProperties.swift */,
				93D697062B2D2A0200B837F3 /* OrderItem+CoreDataClass.swift */,
				93D697072B2D2A0200B837F3 /* OrderItem+CoreDataProperties.swift */,
				93D697082B2D2A0200B837F3 /* Insurance+CoreDataClass.swift */,
				93D697092B2D2A0200B837F3 /* Insurance+CoreDataProperties.swift */,
				93D6970A2B2D2A0200B837F3 /* Patient+CoreDataClass.swift */,
				93D6970B2B2D2A0200B837F3 /* Patient+CoreDataProperties.swift */,
			);
			path = CDGenerated;
			sourceTree = "<group>";
		};
		938AF0D32AEB152A000BB4C5 = {
			isa = PBXGroup;
			children = (
				938AF0DE2AEB152A000BB4C5 /* BioAssistantStockNBill */,
				938AF0DD2AEB152A000BB4C5 /* Products */,
			);
			sourceTree = "<group>";
		};
		938AF0DD2AEB152A000BB4C5 /* Products */ = {
			isa = PBXGroup;
			children = (
				938AF0DC2AEB152A000BB4C5 /* BioAssistantStockNBill.app */,
			);
			name = Products;
			sourceTree = "<group>";
		};
		938AF0DE2AEB152A000BB4C5 /* BioAssistantStockNBill */ = {
			isa = PBXGroup;
			children = (
				938EE9FF2B1A9A5C006BB9EC /* Helpers */,
				938AF0DF2AEB152A000BB4C5 /* BioAssistantStockNBillApp.swift */,
				9323493B2AF6E4F60088F22E /* AppData */,
				932349342AF442940088F22E /* ViewModels */,
				938AF0EE2AEB1C15000BB4C5 /* DataModel */,
				938AF0ED2AEB1BF9000BB4C5 /* Views */,
				938AF0E32AEB152C000BB4C5 /* Assets.xcassets */,
				938AF0E52AEB152C000BB4C5 /* Preview Content */,
				932349422AFDA5D20088F22E /* NOTES */,
			);
			path = BioAssistantStockNBill;
			sourceTree = "<group>";
		};
		938AF0E52AEB152C000BB4C5 /* Preview Content */ = {
			isa = PBXGroup;
			children = (
				938AF0E62AEB152C000BB4C5 /* Preview Assets.xcassets */,
			);
			path = "Preview Content";
			sourceTree = "<group>";
		};
		938AF0ED2AEB1BF9000BB4C5 /* Views */ = {
			isa = PBXGroup;
			children = (
				938AF0E12AEB152A000BB4C5 /* ContentView.swift */,
				932349542B0031250088F22E /* DataAssistView.swift */,
				932349582B081CB40088F22E /* OrderListView.swift */,
				938EE9F72B152155006BB9EC /* EditView.swift */,
				938EE9F92B1523CA006BB9EC /* EditView_Patient.swift */,
				938EE9FB2B152422006BB9EC /* EditView_Items.swift */,
				93D697182B36113600B837F3 /* OrderListView2.swift */,
			);
			path = Views;
			sourceTree = "<group>";
		};
		938AF0EE2AEB1C15000BB4C5 /* DataModel */ = {
			isa = PBXGroup;
			children = (
				932349D62B11670F0088F22E /* CDGenerated */,
				938AF0EF2AEB239C000BB4C5 /* BioAssistDataModel.xcdatamodeld */,
				9323494C2AFEF7590088F22E /* CDDataController.swift */,
				9386812E2B23D01800968920 /* CDDataControllerEx.swift */,
			);
			path = DataModel;
			sourceTree = "<group>";
		};
		938EE9FF2B1A9A5C006BB9EC /* Helpers */ = {
			isa = PBXGroup;
			children = (
				938EEA002B1A9A70006BB9EC /* Helpers.swift */,
			);
			path = Helpers;
			sourceTree = "<group>";
		};
/* End PBXGroup section */

/* Begin PBXNativeTarget section */
		938AF0DB2AEB152A000BB4C5 /* BioAssistantStockNBill */ = {
			isa = PBXNativeTarget;
			buildConfigurationList = 938AF0EA2AEB152C000BB4C5 /* Build configuration list for PBXNativeTarget "BioAssistantStockNBill" */;
			buildPhases = (
				938AF0D82AEB152A000BB4C5 /* Sources */,
				938AF0D92AEB152A000BB4C5 /* Frameworks */,
				938AF0DA2AEB152A000BB4C5 /* Resources */,
			);
			buildRules = (
			);
			dependencies = (
			);
			name = BioAssistantStockNBill;
			productName = BioAssistantStockNBill;
			productReference = 938AF0DC2AEB152A000BB4C5 /* BioAssistantStockNBill.app */;
			productType = "com.apple.product-type.application";
		};
/* End PBXNativeTarget section */

/* Begin PBXProject section */
		938AF0D42AEB152A000BB4C5 /* Project object */ = {
			isa = PBXProject;
			attributes = {
				BuildIndependentTargetsInParallel = 1;
				LastSwiftUpdateCheck = 1500;
				LastUpgradeCheck = 1500;
				TargetAttributes = {
					938AF0DB2AEB152A000BB4C5 = {
						CreatedOnToolsVersion = 15.0.1;
					};
				};
			};
			buildConfigurationList = 938AF0D72AEB152A000BB4C5 /* Build configuration list for PBXProject "BioAssistantStockNBill" */;
			compatibilityVersion = "Xcode 14.0";
			developmentRegion = en;
			hasScannedForEncodings = 0;
			knownRegions = (
				en,
				Base,
			);
			mainGroup = 938AF0D32AEB152A000BB4C5;
			productRefGroup = 938AF0DD2AEB152A000BB4C5 /* Products */;
			projectDirPath = "";
			projectRoot = "";
			targets = (
				938AF0DB2AEB152A000BB4C5 /* BioAssistantStockNBill */,
			);
		};
/* End PBXProject section */

/* Begin PBXResourcesBuildPhase section */
		938AF0DA2AEB152A000BB4C5 /* Resources */ = {
			isa = PBXResourcesBuildPhase;
			buildActionMask = 2147483647;
			files = (
				932349572B02D0B80088F22E /* OrderItemData.json in Resources */,
				938AF0E72AEB152C000BB4C5 /* Preview Assets.xcassets in Resources */,
				932349432AFDA5D20088F22E /* NOTES in Resources */,
				932349512AFEFF880088F22E /* ItemData.json in Resources */,
				938AF0E42AEB152C000BB4C5 /* Assets.xcassets in Resources */,
				9323495D2B0AC71B0088F22E /* InsuranceData.json in Resources */,
				9323493D2AF6E5430088F22E /* OrderListData.json in Resources */,
				932349492AFEE36F0088F22E /* DoctorData.json in Resources */,
				932349532AFF03B20088F22E /* OrderData.json in Resources */,
				9323494B2AFEEA710088F22E /* PatientData.json in Resources */,
			);
			runOnlyForDeploymentPostprocessing = 0;
		};
/* End PBXResourcesBuildPhase section */

/* Begin PBXSourcesBuildPhase section */
		938AF0D82AEB152A000BB4C5 /* Sources */ = {
			isa = PBXSourcesBuildPhase;
			buildActionMask = 2147483647;
			files = (
				9323494D2AFEF75A0088F22E /* CDDataController.swift in Sources */,
				932349592B081CB40088F22E /* OrderListView.swift in Sources */,
				93D697142B2D2A0200B837F3 /* Insurance+CoreDataClass.swift in Sources */,
				938AF0E22AEB152A000BB4C5 /* ContentView.swift in Sources */,
				938EE9FC2B152422006BB9EC /* EditView_Items.swift in Sources */,
				93D6970C2B2D2A0200B837F3 /* Doctor+CoreDataClass.swift in Sources */,
				938AF0F12AEB239C000BB4C5 /* BioAssistDataModel.xcdatamodeld in Sources */,
				93D697162B2D2A0200B837F3 /* Patient+CoreDataClass.swift in Sources */,
				93D6970E2B2D2A0200B837F3 /* Item+CoreDataClass.swift in Sources */,
				93D697132B2D2A0200B837F3 /* OrderItem+CoreDataProperties.swift in Sources */,
				93D697152B2D2A0200B837F3 /* Insurance+CoreDataProperties.swift in Sources */,
				932349552B0031250088F22E /* DataAssistView.swift in Sources */,
				938AF0E02AEB152A000BB4C5 /* BioAssistantStockNBillApp.swift in Sources */,
				938EE9F82B152155006BB9EC /* EditView.swift in Sources */,
				938EEA012B1A9A70006BB9EC /* Helpers.swift in Sources */,
				93D697122B2D2A0200B837F3 /* OrderItem+CoreDataClass.swift in Sources */,
				9323493F2AF6E6730088F22E /* JsonDataHelper.swift in Sources */,
				938EE9FA2B1523CA006BB9EC /* EditView_Patient.swift in Sources */,
				932349472AFEDC8E0088F22E /* JsonStructs.swift in Sources */,
				9386812F2B23D01800968920 /* CDDataControllerEx.swift in Sources */,
				93D697112B2D2A0200B837F3 /* Order+CoreDataProperties.swift in Sources */,
				93D697172B2D2A0200B837F3 /* Patient+CoreDataProperties.swift in Sources */,
				93D6970F2B2D2A0200B837F3 /* Item+CoreDataProperties.swift in Sources */,
				93D697102B2D2A0200B837F3 /* Order+CoreDataClass.swift in Sources */,
				93D697192B36113600B837F3 /* OrderListView2.swift in Sources */,
				93D6970D2B2D2A0200B837F3 /* Doctor+CoreDataProperties.swift in Sources */,
			);
			runOnlyForDeploymentPostprocessing = 0;
		};
/* End PBXSourcesBuildPhase section */

/* Begin XCBuildConfiguration section */
		938AF0E82AEB152C000BB4C5 /* Debug */ = {
			isa = XCBuildConfiguration;
			buildSettings = {
				ALWAYS_SEARCH_USER_PATHS = NO;
				ASSETCATALOG_COMPILER_GENERATE_SWIFT_ASSET_SYMBOL_EXTENSIONS = YES;
				CLANG_ANALYZER_NONNULL = YES;
				CLANG_ANALYZER_NUMBER_OBJECT_CONVERSION = YES_AGGRESSIVE;
				CLANG_CXX_LANGUAGE_STANDARD = "gnu++20";
				CLANG_ENABLE_MODULES = YES;
				CLANG_ENABLE_OBJC_ARC = YES;
				CLANG_ENABLE_OBJC_WEAK = YES;
				CLANG_WARN_BLOCK_CAPTURE_AUTORELEASING = YES;
				CLANG_WARN_BOOL_CONVERSION = YES;
				CLANG_WARN_COMMA = YES;
				CLANG_WARN_CONSTANT_CONVERSION = YES;
				CLANG_WARN_DEPRECATED_OBJC_IMPLEMENTATIONS = YES;
				CLANG_WARN_DIRECT_OBJC_ISA_USAGE = YES_ERROR;
				CLANG_WARN_DOCUMENTATION_COMMENTS = YES;
				CLANG_WARN_EMPTY_BODY = YES;
				CLANG_WARN_ENUM_CONVERSION = YES;
				CLANG_WARN_INFINITE_RECURSION = YES;
				CLANG_WARN_INT_CONVERSION = YES;
				CLANG_WARN_NON_LITERAL_NULL_CONVERSION = YES;
				CLANG_WARN_OBJC_IMPLICIT_RETAIN_SELF = YES;
				CLANG_WARN_OBJC_LITERAL_CONVERSION = YES;
				CLANG_WARN_OBJC_ROOT_CLASS = YES_ERROR;
				CLANG_WARN_QUOTED_INCLUDE_IN_FRAMEWORK_HEADER = YES;
				CLANG_WARN_RANGE_LOOP_ANALYSIS = YES;
				CLANG_WARN_STRICT_PROTOTYPES = YES;
				CLANG_WARN_SUSPICIOUS_MOVE = YES;
				CLANG_WARN_UNGUARDED_AVAILABILITY = YES_AGGRESSIVE;
				CLANG_WARN_UNREACHABLE_CODE = YES;
				CLANG_WARN__DUPLICATE_METHOD_MATCH = YES;
				COPY_PHASE_STRIP = NO;
				DEBUG_INFORMATION_FORMAT = dwarf;
				ENABLE_STRICT_OBJC_MSGSEND = YES;
				ENABLE_TESTABILITY = YES;
				ENABLE_USER_SCRIPT_SANDBOXING = YES;
				GCC_C_LANGUAGE_STANDARD = gnu17;
				GCC_DYNAMIC_NO_PIC = NO;
				GCC_NO_COMMON_BLOCKS = YES;
				GCC_OPTIMIZATION_LEVEL = 0;
				GCC_PREPROCESSOR_DEFINITIONS = (
					"DEBUG=1",
					"$(inherited)",
				);
				GCC_WARN_64_TO_32_BIT_CONVERSION = YES;
				GCC_WARN_ABOUT_RETURN_TYPE = YES_ERROR;
				GCC_WARN_UNDECLARED_SELECTOR = YES;
				GCC_WARN_UNINITIALIZED_AUTOS = YES_AGGRESSIVE;
				GCC_WARN_UNUSED_FUNCTION = YES;
				GCC_WARN_UNUSED_VARIABLE = YES;
				IPHONEOS_DEPLOYMENT_TARGET = 15.4;
				LOCALIZATION_PREFERS_STRING_CATALOGS = YES;
				MTL_ENABLE_DEBUG_INFO = INCLUDE_SOURCE;
				MTL_FAST_MATH = YES;
				ONLY_ACTIVE_ARCH = YES;
				SDKROOT = iphoneos;
				SWIFT_ACTIVE_COMPILATION_CONDITIONS = "DEBUG $(inherited)";
				SWIFT_OPTIMIZATION_LEVEL = "-Onone";
			};
			name = Debug;
		};
		938AF0E92AEB152C000BB4C5 /* Release */ = {
			isa = XCBuildConfiguration;
			buildSettings = {
				ALWAYS_SEARCH_USER_PATHS = NO;
				ASSETCATALOG_COMPILER_GENERATE_SWIFT_ASSET_SYMBOL_EXTENSIONS = YES;
				CLANG_ANALYZER_NONNULL = YES;
				CLANG_ANALYZER_NUMBER_OBJECT_CONVERSION = YES_AGGRESSIVE;
				CLANG_CXX_LANGUAGE_STANDARD = "gnu++20";
				CLANG_ENABLE_MODULES = YES;
				CLANG_ENABLE_OBJC_ARC = YES;
				CLANG_ENABLE_OBJC_WEAK = YES;
				CLANG_WARN_BLOCK_CAPTURE_AUTORELEASING = YES;
				CLANG_WARN_BOOL_CONVERSION = YES;
				CLANG_WARN_COMMA = YES;
				CLANG_WARN_CONSTANT_CONVERSION = YES;
				CLANG_WARN_DEPRECATED_OBJC_IMPLEMENTATIONS = YES;
				CLANG_WARN_DIRECT_OBJC_ISA_USAGE = YES_ERROR;
				CLANG_WARN_DOCUMENTATION_COMMENTS = YES;
				CLANG_WARN_EMPTY_BODY = YES;
				CLANG_WARN_ENUM_CONVERSION = YES;
				CLANG_WARN_INFINITE_RECURSION = YES;
				CLANG_WARN_INT_CONVERSION = YES;
				CLANG_WARN_NON_LITERAL_NULL_CONVERSION = YES;
				CLANG_WARN_OBJC_IMPLICIT_RETAIN_SELF = YES;
				CLANG_WARN_OBJC_LITERAL_CONVERSION = YES;
				CLANG_WARN_OBJC_ROOT_CLASS = YES_ERROR;
				CLANG_WARN_QUOTED_INCLUDE_IN_FRAMEWORK_HEADER = YES;
				CLANG_WARN_RANGE_LOOP_ANALYSIS = YES;
				CLANG_WARN_STRICT_PROTOTYPES = YES;
				CLANG_WARN_SUSPICIOUS_MOVE = YES;
				CLANG_WARN_UNGUARDED_AVAILABILITY = YES_AGGRESSIVE;
				CLANG_WARN_UNREACHABLE_CODE = YES;
				CLANG_WARN__DUPLICATE_METHOD_MATCH = YES;
				COPY_PHASE_STRIP = NO;
				DEBUG_INFORMATION_FORMAT = "dwarf-with-dsym";
				ENABLE_NS_ASSERTIONS = NO;
				ENABLE_STRICT_OBJC_MSGSEND = YES;
				ENABLE_USER_SCRIPT_SANDBOXING = YES;
				GCC_C_LANGUAGE_STANDARD = gnu17;
				GCC_NO_COMMON_BLOCKS = YES;
				GCC_WARN_64_TO_32_BIT_CONVERSION = YES;
				GCC_WARN_ABOUT_RETURN_TYPE = YES_ERROR;
				GCC_WARN_UNDECLARED_SELECTOR = YES;
				GCC_WARN_UNINITIALIZED_AUTOS = YES_AGGRESSIVE;
				GCC_WARN_UNUSED_FUNCTION = YES;
				GCC_WARN_UNUSED_VARIABLE = YES;
				IPHONEOS_DEPLOYMENT_TARGET = 15.4;
				LOCALIZATION_PREFERS_STRING_CATALOGS = YES;
				MTL_ENABLE_DEBUG_INFO = NO;
				MTL_FAST_MATH = YES;
				SDKROOT = iphoneos;
				SWIFT_COMPILATION_MODE = wholemodule;
				VALIDATE_PRODUCT = YES;
			};
			name = Release;
		};
		938AF0EB2AEB152C000BB4C5 /* Debug */ = {
			isa = XCBuildConfiguration;
			buildSettings = {
				ASSETCATALOG_COMPILER_APPICON_NAME = AppIcon;
				ASSETCATALOG_COMPILER_GLOBAL_ACCENT_COLOR_NAME = AccentColor;
				CODE_SIGN_STYLE = Automatic;
				CURRENT_PROJECT_VERSION = 1;
				DEVELOPMENT_ASSET_PATHS = "\"BioAssistantStockNBill/Preview Content\"";
				ENABLE_PREVIEWS = YES;
				GENERATE_INFOPLIST_FILE = YES;
				INFOPLIST_KEY_UIApplicationSceneManifest_Generation = YES;
				INFOPLIST_KEY_UIApplicationSupportsIndirectInputEvents = YES;
				INFOPLIST_KEY_UILaunchScreen_Generation = YES;
				INFOPLIST_KEY_UISupportedInterfaceOrientations_iPad = "UIInterfaceOrientationPortrait UIInterfaceOrientationPortraitUpsideDown UIInterfaceOrientationLandscapeLeft UIInterfaceOrientationLandscapeRight";
				INFOPLIST_KEY_UISupportedInterfaceOrientations_iPhone = "UIInterfaceOrientationPortrait UIInterfaceOrientationLandscapeLeft UIInterfaceOrientationLandscapeRight";
				IPHONEOS_DEPLOYMENT_TARGET = 15.4;
				LD_RUNPATH_SEARCH_PATHS = (
					"$(inherited)",
					"@executable_path/Frameworks",
				);
				MARKETING_VERSION = 1.0;
				PRODUCT_BUNDLE_IDENTIFIER = com.GHHSoftware.BioAssistantStockNBill;
				PRODUCT_NAME = "$(TARGET_NAME)";
				SWIFT_EMIT_LOC_STRINGS = YES;
				SWIFT_VERSION = 5.0;
				TARGETED_DEVICE_FAMILY = 2;
			};
			name = Debug;
		};
		938AF0EC2AEB152C000BB4C5 /* Release */ = {
			isa = XCBuildConfiguration;
			buildSettings = {
				ASSETCATALOG_COMPILER_APPICON_NAME = AppIcon;
				ASSETCATALOG_COMPILER_GLOBAL_ACCENT_COLOR_NAME = AccentColor;
				CODE_SIGN_STYLE = Automatic;
				CURRENT_PROJECT_VERSION = 1;
				DEVELOPMENT_ASSET_PATHS = "\"BioAssistantStockNBill/Preview Content\"";
				ENABLE_PREVIEWS = YES;
				GENERATE_INFOPLIST_FILE = YES;
				INFOPLIST_KEY_UIApplicationSceneManifest_Generation = YES;
				INFOPLIST_KEY_UIApplicationSupportsIndirectInputEvents = YES;
				INFOPLIST_KEY_UILaunchScreen_Generation = YES;
				INFOPLIST_KEY_UISupportedInterfaceOrientations_iPad = "UIInterfaceOrientationPortrait UIInterfaceOrientationPortraitUpsideDown UIInterfaceOrientationLandscapeLeft UIInterfaceOrientationLandscapeRight";
				INFOPLIST_KEY_UISupportedInterfaceOrientations_iPhone = "UIInterfaceOrientationPortrait UIInterfaceOrientationLandscapeLeft UIInterfaceOrientationLandscapeRight";
				IPHONEOS_DEPLOYMENT_TARGET = 15.4;
				LD_RUNPATH_SEARCH_PATHS = (
					"$(inherited)",
					"@executable_path/Frameworks",
				);
				MARKETING_VERSION = 1.0;
				PRODUCT_BUNDLE_IDENTIFIER = com.GHHSoftware.BioAssistantStockNBill;
				PRODUCT_NAME = "$(TARGET_NAME)";
				SWIFT_EMIT_LOC_STRINGS = YES;
				SWIFT_VERSION = 5.0;
				TARGETED_DEVICE_FAMILY = 2;
			};
			name = Release;
		};
/* End XCBuildConfiguration section */

/* Begin XCConfigurationList section */
		938AF0D72AEB152A000BB4C5 /* Build configuration list for PBXProject "BioAssistantStockNBill" */ = {
			isa = XCConfigurationList;
			buildConfigurations = (
				938AF0E82AEB152C000BB4C5 /* Debug */,
				938AF0E92AEB152C000BB4C5 /* Release */,
			);
			defaultConfigurationIsVisible = 0;
			defaultConfigurationName = Release;
		};
		938AF0EA2AEB152C000BB4C5 /* Build configuration list for PBXNativeTarget "BioAssistantStockNBill" */ = {
			isa = XCConfigurationList;
			buildConfigurations = (
				938AF0EB2AEB152C000BB4C5 /* Debug */,
				938AF0EC2AEB152C000BB4C5 /* Release */,
			);
			defaultConfigurationIsVisible = 0;
			defaultConfigurationName = Release;
		};
/* End XCConfigurationList section */

/* Begin XCVersionGroup section */
		938AF0EF2AEB239C000BB4C5 /* BioAssistDataModel.xcdatamodeld */ = {
			isa = XCVersionGroup;
			children = (
				938AF0F02AEB239C000BB4C5 /* BioAssistDataModel.xcdatamodel */,
			);
			currentVersion = 938AF0F02AEB239C000BB4C5 /* BioAssistDataModel.xcdatamodel */;
			path = BioAssistDataModel.xcdatamodeld;
			sourceTree = "<group>";
			versionGroupType = wrapper.xcdatamodel;
		};
/* End XCVersionGroup section */
	};
	rootObject = 938AF0D42AEB152A000BB4C5 /* Project object */;
}
